
Microsoft Visual Studio Solution File, Format Version 12.00
# Visual Studio Version 16
VisualStudioVersion = 16.0.29503.13
MinimumVisualStudioVersion = 10.0.40219.1
Project("{FAE04EC0-301F-11D3-BF4B-00C04F79EFBC}") = "TestConsole", "TestConsole\TestConsole.csproj", "{7D1295A3-CFB4-4A7E-B536-C4C393587615}"
EndProject
Project("{FAE04EC0-301F-11D3-BF4B-00C04F79EFBC}") = "TestWebApi", "TestWebApi\TestWebApi.csproj", "{6F857A15-F569-4498-ACCB-6224A843D899}"
EndProject
Project("{9A19103F-16F7-4668-BE54-9A1E7A4F7556}") = "ConsoleApp_Core", "ConsoleApp_Core\ConsoleApp_Core.csproj", "{19FADBB0-7207-4379-AC3F-AA9589FE74F9}"
EndProject
Project("{FAE04EC0-301F-11D3-BF4B-00C04F79EFBC}") = "ConsoleApp_Redis", "ConsoleApp_Redis\ConsoleApp_Redis.csproj", "{EE582DB9-CE3E-48AB-98D3-34D2F3BADC33}"
EndProject
Global
	GlobalSection(SolutionConfigurationPlatforms) = preSolution
		Debug|Any CPU = Debug|Any CPU
		Release|Any CPU = Release|Any CPU
	EndGlobalSection
	GlobalSection(ProjectConfigurationPlatforms) = postSolution
		{7D1295A3-CFB4-4A7E-B536-C4C393587615}.Debug|Any CPU.ActiveCfg = Debug|Any CPU
		{7D1295A3-CFB4-4A7E-B536-C4C393587615}.Debug|Any CPU.Build.0 = Debug|Any CPU
		{7D1295A3-CFB4-4A7E-B536-C4C393587615}.Release|Any CPU.ActiveCfg = Release|Any CPU
		{7D1295A3-CFB4-4A7E-B536-C4C393587615}.Release|Any CPU.Build.0 = Release|Any CPU
		{6F857A15-F569-4498-ACCB-6224A843D899}.Debug|Any CPU.ActiveCfg = Debug|Any CPU
		{6F857A15-F569-4498-ACCB-6224A843D899}.Debug|Any CPU.Build.0 = Debug|Any CPU
		{6F857A15-F569-4498-ACCB-6224A843D899}.Release|Any CPU.ActiveCfg = Release|Any CPU
		{6F857A15-F569-4498-ACCB-6224A843D899}.Release|Any CPU.Build.0 = Release|Any CPU
		{19FADBB0-7207-4379-AC3F-AA9589FE74F9}.Debug|Any CPU.ActiveCfg = Debug|Any CPU
		{19FADBB0-7207-4379-AC3F-AA9589FE74F9}.Debug|Any CPU.Build.0 = Debug|Any CPU
		{19FADBB0-7207-4379-AC3F-AA9589FE74F9}.Release|Any CPU.ActiveCfg = Release|Any CPU
		{19FADBB0-7207-4379-AC3F-AA9589FE74F9}.Release|Any CPU.Build.0 = Release|Any CPU
		{EE582DB9-CE3E-48AB-98D3-34D2F3BADC33}.Debug|Any CPU.ActiveCfg = Debug|Any CPU
		{EE582DB9-CE3E-48AB-98D3-34D2F3BADC33}.Debug|Any CPU.Build.0 = Debug|Any CPU
		{EE582DB9-CE3E-48AB-98D3-34D2F3BADC33}.Release|Any CPU.ActiveCfg = Release|Any CPU
		{EE582DB9-CE3E-48AB-98D3-34D2F3BADC33}.Release|Any CPU.Build.0 = Release|Any CPU
	EndGlobalSection
	GlobalSection(SolutionProperties) = preSolution
		HideSolutionNode = FALSE
	EndGlobalSection
	GlobalSection(ExtensibilityGlobals) = postSolution
		SolutionGuid = {7F196E63-B38B-475A-BDDB-850F6E3EC372}
	EndGlobalSection
EndGlobal
